
Microsoft Visual Studio Solution File, Format Version 12.00
# Visual Studio 2017
Project("{FAE04EC0-301F-11D3-BF4B-00C04F79EFBC}") = "Dont_Stop_Running", "Dont_Stop_Running.csproj", "{C8C9AF32-F4B5-047F-5399-CEEE7C157FA6}"
EndProject
Global
	GlobalSection(SolutionConfigurationPlatforms) = preSolution
		Debug|Any CPU = Debug|Any CPU
		Release|Any CPU = Release|Any CPU
	EndGlobalSection
	GlobalSection(ProjectConfigurationPlatforms) = postSolution
		{C8C9AF32-F4B5-047F-5399-CEEE7C157FA6}.Debug|Any CPU.ActiveCfg = Debug|Any CPU
		{C8C9AF32-F4B5-047F-5399-CEEE7C157FA6}.Debug|Any CPU.Build.0 = Debug|Any CPU
		{C8C9AF32-F4B5-047F-5399-CEEE7C157FA6}.Release|Any CPU.ActiveCfg = Release|Any CPU
		{C8C9AF32-F4B5-047F-5399-CEEE7C157FA6}.Release|Any CPU.Build.0 = Release|Any CPU
	EndGlobalSection
	GlobalSection(SolutionProperties) = preSolution
		HideSolutionNode = FALSE
	EndGlobalSection
EndGlobal
