
Microsoft Visual Studio Solution File, Format Version 12.00
# Visual Studio 15
VisualStudioVersion = 15.0.26730.8
MinimumVisualStudioVersion = 10.0.40219.1
Project("{FAE04EC0-301F-11D3-BF4B-00C04F79EFBC}") = "Lab5", "Lab5\Lab5.csproj", "{580B3A4E-EF36-4D6D-A2C4-292956047287}"
EndProject
Global
	GlobalSection(SolutionConfigurationPlatforms) = preSolution
		Debug|Any CPU = Debug|Any CPU
		Release|Any CPU = Release|Any CPU
	EndGlobalSection
	GlobalSection(ProjectConfigurationPlatforms) = postSolution
		{580B3A4E-EF36-4D6D-A2C4-292956047287}.Debug|Any CPU.ActiveCfg = Debug|Any CPU
		{580B3A4E-EF36-4D6D-A2C4-292956047287}.Debug|Any CPU.Build.0 = Debug|Any CPU
		{580B3A4E-EF36-4D6D-A2C4-292956047287}.Release|Any CPU.ActiveCfg = Release|Any CPU
		{580B3A4E-EF36-4D6D-A2C4-292956047287}.Release|Any CPU.Build.0 = Release|Any CPU
	EndGlobalSection
	GlobalSection(SolutionProperties) = preSolution
		HideSolutionNode = FALSE
	EndGlobalSection
	GlobalSection(ExtensibilityGlobals) = postSolution
		SolutionGuid = {887F0F3C-E95C-4AE5-9357-CBFA75D7CED8}
	EndGlobalSection
EndGlobal
