
Microsoft Visual Studio Solution File, Format Version 12.00
# Visual Studio 15
VisualStudioVersion = 15.0.28307.271
MinimumVisualStudioVersion = 10.0.40219.1
Project("{FAE04EC0-301F-11D3-BF4B-00C04F79EFBC}") = "LL Tree", "LL Tree\LL Tree.csproj", "{D660B558-52F6-497C-A67A-72FCCEB44334}"
EndProject
Global
	GlobalSection(SolutionConfigurationPlatforms) = preSolution
		Debug|Any CPU = Debug|Any CPU
		Release|Any CPU = Release|Any CPU
	EndGlobalSection
	GlobalSection(ProjectConfigurationPlatforms) = postSolution
		{D660B558-52F6-497C-A67A-72FCCEB44334}.Debug|Any CPU.ActiveCfg = Debug|Any CPU
		{D660B558-52F6-497C-A67A-72FCCEB44334}.Debug|Any CPU.Build.0 = Debug|Any CPU
		{D660B558-52F6-497C-A67A-72FCCEB44334}.Release|Any CPU.ActiveCfg = Release|Any CPU
		{D660B558-52F6-497C-A67A-72FCCEB44334}.Release|Any CPU.Build.0 = Release|Any CPU
	EndGlobalSection
	GlobalSection(SolutionProperties) = preSolution
		HideSolutionNode = FALSE
	EndGlobalSection
	GlobalSection(ExtensibilityGlobals) = postSolution
		SolutionGuid = {C0D15A7D-2718-47EE-9F16-892A7A36E50B}
	EndGlobalSection
EndGlobal
